
Microsoft Visual Studio Solution File, Format Version 12.00
# Visual Studio Version 17
VisualStudioVersion = 17.6.33723.286
MinimumVisualStudioVersion = 10.0.40219.1
Project("{9A19103F-16F7-4668-BE54-9A1E7A4F7556}") = "api-base-autenticacao", "api-base-autenticacao\api-base-autenticacao.csproj", "{A893AF98-8330-4C04-8F9F-51B3FA049763}"
EndProject
Project("{9A19103F-16F7-4668-BE54-9A1E7A4F7556}") = "Infrastructure", "infrastructure\Infrastructure.csproj", "{5675CAA8-A6DE-4A24-BAD8-7AD1B129D615}"
EndProject
Project("{9A19103F-16F7-4668-BE54-9A1E7A4F7556}") = "Dominio", "model\Dominio.csproj", "{B94581B1-974C-4DB0-BCA1-1C4BE3BE936E}"
EndProject
Global
	GlobalSection(SolutionConfigurationPlatforms) = preSolution
		Debug|Any CPU = Debug|Any CPU
		Release|Any CPU = Release|Any CPU
	EndGlobalSection
	GlobalSection(ProjectConfigurationPlatforms) = postSolution
		{A893AF98-8330-4C04-8F9F-51B3FA049763}.Debug|Any CPU.ActiveCfg = Debug|Any CPU
		{A893AF98-8330-4C04-8F9F-51B3FA049763}.Debug|Any CPU.Build.0 = Debug|Any CPU
		{A893AF98-8330-4C04-8F9F-51B3FA049763}.Release|Any CPU.ActiveCfg = Release|Any CPU
		{A893AF98-8330-4C04-8F9F-51B3FA049763}.Release|Any CPU.Build.0 = Release|Any CPU
		{5675CAA8-A6DE-4A24-BAD8-7AD1B129D615}.Debug|Any CPU.ActiveCfg = Debug|Any CPU
		{5675CAA8-A6DE-4A24-BAD8-7AD1B129D615}.Debug|Any CPU.Build.0 = Debug|Any CPU
		{5675CAA8-A6DE-4A24-BAD8-7AD1B129D615}.Release|Any CPU.ActiveCfg = Release|Any CPU
		{5675CAA8-A6DE-4A24-BAD8-7AD1B129D615}.Release|Any CPU.Build.0 = Release|Any CPU
		{B94581B1-974C-4DB0-BCA1-1C4BE3BE936E}.Debug|Any CPU.ActiveCfg = Debug|Any CPU
		{B94581B1-974C-4DB0-BCA1-1C4BE3BE936E}.Debug|Any CPU.Build.0 = Debug|Any CPU
		{B94581B1-974C-4DB0-BCA1-1C4BE3BE936E}.Release|Any CPU.ActiveCfg = Release|Any CPU
		{B94581B1-974C-4DB0-BCA1-1C4BE3BE936E}.Release|Any CPU.Build.0 = Release|Any CPU
	EndGlobalSection
	GlobalSection(SolutionProperties) = preSolution
		HideSolutionNode = FALSE
	EndGlobalSection
	GlobalSection(ExtensibilityGlobals) = postSolution
		SolutionGuid = {7E15FE4B-A0D3-4E66-8921-4A7EBCC9E7D1}
	EndGlobalSection
EndGlobal
